// !$*UTF8*$!
{
	archiveVersion = 1;
	classes = {
	};
	objectVersion = 46;
	objects = {

/* Begin PBXBuildFile section */
		4774CFEA1FACF53E007C8747 /* AppDelegate.swift in Sources */ = {isa = PBXBuildFile; fileRef = 4774CFE91FACF53E007C8747 /* AppDelegate.swift */; };
		4774CFEF1FACF53E007C8747 /* Main.storyboard in Resources */ = {isa = PBXBuildFile; fileRef = 4774CFED1FACF53E007C8747 /* Main.storyboard */; };
		4774CFF11FACF53E007C8747 /* Assets.xcassets in Resources */ = {isa = PBXBuildFile; fileRef = 4774CFF01FACF53E007C8747 /* Assets.xcassets */; };
		4774CFF41FACF53E007C8747 /* LaunchScreen.storyboard in Resources */ = {isa = PBXBuildFile; fileRef = 4774CFF21FACF53E007C8747 /* LaunchScreen.storyboard */; };
		4774CFFC1FACF561007C8747 /* PokedexModel.swift in Sources */ = {isa = PBXBuildFile; fileRef = 4774CFFB1FACF561007C8747 /* PokedexModel.swift */; };
		4774CFFE1FACF56C007C8747 /* Race.swift in Sources */ = {isa = PBXBuildFile; fileRef = 4774CFFD1FACF56C007C8747 /* Race.swift */; };
		4774D0001FACF576007C8747 /* Type.swift in Sources */ = {isa = PBXBuildFile; fileRef = 4774CFFF1FACF576007C8747 /* Type.swift */; };
		4774D0021FACF5BB007C8747 /* pokedex.plist in Resources */ = {isa = PBXBuildFile; fileRef = 4774D0011FACF5BB007C8747 /* pokedex.plist */; };
		4774D0041FACF5D3007C8747 /* types in Resources */ = {isa = PBXBuildFile; fileRef = 4774D0031FACF5D3007C8747 /* types */; };
		4774D0061FACF5E4007C8747 /* races in Resources */ = {isa = PBXBuildFile; fileRef = 4774D0051FACF5E4007C8747 /* races */; };
		4774D0081FACF624007C8747 /* PokedexTableViewController.swift in Sources */ = {isa = PBXBuildFile; fileRef = 4774D0071FACF624007C8747 /* PokedexTableViewController.swift */; };
		4774D0121FAD03EF007C8747 /* RaceTableViewController.swift in Sources */ = {isa = PBXBuildFile; fileRef = 4774D0111FAD03EF007C8747 /* RaceTableViewController.swift */; };
		4774D0151FAD080E007C8747 /* WebKit.framework in Frameworks */ = {isa = PBXBuildFile; fileRef = 4774D0141FAD080E007C8747 /* WebKit.framework */; settings = {ATTRIBUTES = (Required, ); }; };
		4774D0171FAD08D3007C8747 /* WebViewController.swift in Sources */ = {isa = PBXBuildFile; fileRef = 4774D0161FAD08D3007C8747 /* WebViewController.swift */; };
/* End PBXBuildFile section */

/* Begin PBXFileReference section */
		4774CFE61FACF53E007C8747 /* Pokedex.app */ = {isa = PBXFileReference; explicitFileType = wrapper.application; includeInIndex = 0; path = Pokedex.app; sourceTree = BUILT_PRODUCTS_DIR; };
		4774CFE91FACF53E007C8747 /* AppDelegate.swift */ = {isa = PBXFileReference; lastKnownFileType = sourcecode.swift; path = AppDelegate.swift; sourceTree = "<group>"; };
		4774CFEE1FACF53E007C8747 /* Base */ = {isa = PBXFileReference; lastKnownFileType = file.storyboard; name = Base; path = Base.lproj/Main.storyboard; sourceTree = "<group>"; };
		4774CFF01FACF53E007C8747 /* Assets.xcassets */ = {isa = PBXFileReference; lastKnownFileType = folder.assetcatalog; path = Assets.xcassets; sourceTree = "<group>"; };
		4774CFF31FACF53E007C8747 /* Base */ = {isa = PBXFileReference; lastKnownFileType = file.storyboard; name = Base; path = Base.lproj/LaunchScreen.storyboard; sourceTree = "<group>"; };
		4774CFF51FACF53E007C8747 /* Info.plist */ = {isa = PBXFileReference; lastKnownFileType = text.plist.xml; path = Info.plist; sourceTree = "<group>"; };
		4774CFFB1FACF561007C8747 /* PokedexModel.swift */ = {isa = PBXFileReference; fileEncoding = 4; lastKnownFileType = sourcecode.swift; path = PokedexModel.swift; sourceTree = "<group>"; };
		4774CFFD1FACF56C007C8747 /* Race.swift */ = {isa = PBXFileReference; fileEncoding = 4; lastKnownFileType = sourcecode.swift; path = Race.swift; sourceTree = "<group>"; };
		4774CFFF1FACF576007C8747 /* Type.swift */ = {isa = PBXFileReference; fileEncoding = 4; lastKnownFileType = sourcecode.swift; path = Type.swift; sourceTree = "<group>"; };
		4774D0011FACF5BB007C8747 /* pokedex.plist */ = {isa = PBXFileReference; fileEncoding = 4; lastKnownFileType = text.plist.xml; path = pokedex.plist; sourceTree = "<group>"; };
		4774D0031FACF5D3007C8747 /* types */ = {isa = PBXFileReference; lastKnownFileType = folder; path = types; sourceTree = "<group>"; };
		4774D0051FACF5E4007C8747 /* races */ = {isa = PBXFileReference; lastKnownFileType = folder; path = races; sourceTree = "<group>"; };
		4774D0071FACF624007C8747 /* PokedexTableViewController.swift */ = {isa = PBXFileReference; fileEncoding = 4; lastKnownFileType = sourcecode.swift; path = PokedexTableViewController.swift; sourceTree = "<group>"; };
		4774D0111FAD03EF007C8747 /* RaceTableViewController.swift */ = {isa = PBXFileReference; fileEncoding = 4; lastKnownFileType = sourcecode.swift; path = RaceTableViewController.swift; sourceTree = "<group>"; };
		4774D0141FAD080E007C8747 /* WebKit.framework */ = {isa = PBXFileReference; lastKnownFileType = wrapper.framework; name = WebKit.framework; path = System/Library/Frameworks/WebKit.framework; sourceTree = SDKROOT; };
		4774D0161FAD08D3007C8747 /* WebViewController.swift */ = {isa = PBXFileReference; fileEncoding = 4; lastKnownFileType = sourcecode.swift; path = WebViewController.swift; sourceTree = "<group>"; };
/* End PBXFileReference section */

/* Begin PBXFrameworksBuildPhase section */
		4774CFE31FACF53D007C8747 /* Frameworks */ = {
			isa = PBXFrameworksBuildPhase;
			buildActionMask = 2147483647;
			files = (
				4774D0151FAD080E007C8747 /* WebKit.framework in Frameworks */,
			);
			runOnlyForDeploymentPostprocessing = 0;
		};
/* End PBXFrameworksBuildPhase section */

/* Begin PBXGroup section */
		4774CFDD1FACF53D007C8747 = {
			isa = PBXGroup;
			children = (
				4774CFE81FACF53E007C8747 /* Pokedex */,
				4774CFE71FACF53E007C8747 /* Products */,
				4774D0131FAD080D007C8747 /* Frameworks */,
			);
			sourceTree = "<group>";
		};
		4774CFE71FACF53E007C8747 /* Products */ = {
			isa = PBXGroup;
			children = (
				4774CFE61FACF53E007C8747 /* Pokedex.app */,
			);
			name = Products;
			sourceTree = "<group>";
		};
		4774CFE81FACF53E007C8747 /* Pokedex */ = {
			isa = PBXGroup;
			children = (
				4774CFE91FACF53E007C8747 /* AppDelegate.swift */,
				4774CFFF1FACF576007C8747 /* Type.swift */,
				4774D0111FAD03EF007C8747 /* RaceTableViewController.swift */,
				4774D0071FACF624007C8747 /* PokedexTableViewController.swift */,
				4774D0011FACF5BB007C8747 /* pokedex.plist */,
				4774CFFD1FACF56C007C8747 /* Race.swift */,
				4774D0051FACF5E4007C8747 /* races */,
				4774D0031FACF5D3007C8747 /* types */,
				4774CFFB1FACF561007C8747 /* PokedexModel.swift */,
				4774CFED1FACF53E007C8747 /* Main.storyboard */,
				4774D0161FAD08D3007C8747 /* WebViewController.swift */,
				4774CFF01FACF53E007C8747 /* Assets.xcassets */,
				4774CFF21FACF53E007C8747 /* LaunchScreen.storyboard */,
				4774CFF51FACF53E007C8747 /* Info.plist */,
			);
			path = Pokedex;
			sourceTree = "<group>";
		};
		4774D0131FAD080D007C8747 /* Frameworks */ = {
			isa = PBXGroup;
			children = (
				4774D0141FAD080E007C8747 /* WebKit.framework */,
			);
			name = Frameworks;
			sourceTree = "<group>";
		};
/* End PBXGroup section */

/* Begin PBXNativeTarget section */
		4774CFE51FACF53D007C8747 /* Pokedex */ = {
			isa = PBXNativeTarget;
			buildConfigurationList = 4774CFF81FACF53E007C8747 /* Build configuration list for PBXNativeTarget "Pokedex" */;
			buildPhases = (
				4774CFE21FACF53D007C8747 /* Sources */,
				4774CFE31FACF53D007C8747 /* Frameworks */,
				4774CFE41FACF53D007C8747 /* Resources */,
			);
			buildRules = (
			);
			dependencies = (
			);
			name = Pokedex;
			productName = Pokedex;
			productReference = 4774CFE61FACF53E007C8747 /* Pokedex.app */;
			productType = "com.apple.product-type.application";
		};
/* End PBXNativeTarget section */

/* Begin PBXProject section */
		4774CFDE1FACF53D007C8747 /* Project object */ = {
			isa = PBXProject;
			attributes = {
				LastSwiftUpdateCheck = 0830;
				LastUpgradeCheck = 0910;
				ORGANIZATIONNAME = "Oscar Sanchez Rueda";
				TargetAttributes = {
					4774CFE51FACF53D007C8747 = {
						CreatedOnToolsVersion = 8.3.3;
						LastSwiftMigration = 0910;
						ProvisioningStyle = Automatic;
					};
				};
			};
			buildConfigurationList = 4774CFE11FACF53D007C8747 /* Build configuration list for PBXProject "Pokedex" */;
			compatibilityVersion = "Xcode 3.2";
			developmentRegion = English;
			hasScannedForEncodings = 0;
			knownRegions = (
				en,
				Base,
			);
			mainGroup = 4774CFDD1FACF53D007C8747;
			productRefGroup = 4774CFE71FACF53E007C8747 /* Products */;
			projectDirPath = "";
			projectRoot = "";
			targets = (
				4774CFE51FACF53D007C8747 /* Pokedex */,
			);
		};
/* End PBXProject section */

/* Begin PBXResourcesBuildPhase section */
		4774CFE41FACF53D007C8747 /* Resources */ = {
			isa = PBXResourcesBuildPhase;
			buildActionMask = 2147483647;
			files = (
				4774CFF41FACF53E007C8747 /* LaunchScreen.storyboard in Resources */,
				4774CFF11FACF53E007C8747 /* Assets.xcassets in Resources */,
				4774D0041FACF5D3007C8747 /* types in Resources */,
				4774D0061FACF5E4007C8747 /* races in Resources */,
				4774CFEF1FACF53E007C8747 /* Main.storyboard in Resources */,
				4774D0021FACF5BB007C8747 /* pokedex.plist in Resources */,
			);
			runOnlyForDeploymentPostprocessing = 0;
		};
/* End PBXResourcesBuildPhase section */

/* Begin PBXSourcesBuildPhase section */
		4774CFE21FACF53D007C8747 /* Sources */ = {
			isa = PBXSourcesBuildPhase;
			buildActionMask = 2147483647;
			files = (
				4774D0001FACF576007C8747 /* Type.swift in Sources */,
				4774D0081FACF624007C8747 /* PokedexTableViewController.swift in Sources */,
				4774CFFE1FACF56C007C8747 /* Race.swift in Sources */,
				4774CFFC1FACF561007C8747 /* PokedexModel.swift in Sources */,
				4774D0171FAD08D3007C8747 /* WebViewController.swift in Sources */,
				4774D0121FAD03EF007C8747 /* RaceTableViewController.swift in Sources */,
				4774CFEA1FACF53E007C8747 /* AppDelegate.swift in Sources */,
			);
			runOnlyForDeploymentPostprocessing = 0;
		};
/* End PBXSourcesBuildPhase section */

/* Begin PBXVariantGroup section */
		4774CFED1FACF53E007C8747 /* Main.storyboard */ = {
			isa = PBXVariantGroup;
			children = (
				4774CFEE1FACF53E007C8747 /* Base */,
			);
			name = Main.storyboard;
			sourceTree = "<group>";
		};
		4774CFF21FACF53E007C8747 /* LaunchScreen.storyboard */ = {
			isa = PBXVariantGroup;
			children = (
				4774CFF31FACF53E007C8747 /* Base */,
			);
			name = LaunchScreen.storyboard;
			sourceTree = "<group>";
		};
/* End PBXVariantGroup section */

/* Begin XCBuildConfiguration section */
		4774CFF61FACF53E007C8747 /* Debug */ = {
			isa = XCBuildConfiguration;
			buildSettings = {
				ALWAYS_SEARCH_USER_PATHS = NO;
				CLANG_ANALYZER_NONNULL = YES;
				CLANG_ANALYZER_NUMBER_OBJECT_CONVERSION = YES_AGGRESSIVE;
				CLANG_CXX_LANGUAGE_STANDARD = "gnu++0x";
				CLANG_CXX_LIBRARY = "libc++";
				CLANG_ENABLE_MODULES = YES;
				CLANG_ENABLE_OBJC_ARC = YES;
				CLANG_WARN_BLOCK_CAPTURE_AUTORELEASING = YES;
				CLANG_WARN_BOOL_CONVERSION = YES;
				CLANG_WARN_COMMA = YES;
				CLANG_WARN_CONSTANT_CONVERSION = YES;
				CLANG_WARN_DIRECT_OBJC_ISA_USAGE = YES_ERROR;
				CLANG_WARN_DOCUMENTATION_COMMENTS = YES;
				CLANG_WARN_EMPTY_BODY = YES;
				CLANG_WARN_ENUM_CONVERSION = YES;
				CLANG_WARN_INFINITE_RECURSION = YES;
				CLANG_WARN_INT_CONVERSION = YES;
				CLANG_WARN_NON_LITERAL_NULL_CONVERSION = YES;
				CLANG_WARN_OBJC_LITERAL_CONVERSION = YES;
				CLANG_WARN_OBJC_ROOT_CLASS = YES_ERROR;
				CLANG_WARN_RANGE_LOOP_ANALYSIS = YES;
				CLANG_WARN_STRICT_PROTOTYPES = YES;
				CLANG_WARN_SUSPICIOUS_MOVE = YES;
				CLANG_WARN_UNREACHABLE_CODE = YES;
				CLANG_WARN__DUPLICATE_METHOD_MATCH = YES;
				"CODE_SIGN_IDENTITY[sdk=iphoneos*]" = "iPhone Developer";
				COPY_PHASE_STRIP = NO;
				DEBUG_INFORMATION_FORMAT = dwarf;
				ENABLE_STRICT_OBJC_MSGSEND = YES;
				ENABLE_TESTABILITY = YES;
				GCC_C_LANGUAGE_STANDARD = gnu99;
				GCC_DYNAMIC_NO_PIC = NO;
				GCC_NO_COMMON_BLOCKS = YES;
				GCC_OPTIMIZATION_LEVEL = 0;
				GCC_PREPROCESSOR_DEFINITIONS = (
					"DEBUG=1",
					"$(inherited)",
				);
				GCC_WARN_64_TO_32_BIT_CONVERSION = YES;
				GCC_WARN_ABOUT_RETURN_TYPE = YES_ERROR;
				GCC_WARN_UNDECLARED_SELECTOR = YES;
				GCC_WARN_UNINITIALIZED_AUTOS = YES_AGGRESSIVE;
				GCC_WARN_UNUSED_FUNCTION = YES;
				GCC_WARN_UNUSED_VARIABLE = YES;
				IPHONEOS_DEPLOYMENT_TARGET = 10.3;
				MTL_ENABLE_DEBUG_INFO = YES;
				ONLY_ACTIVE_ARCH = YES;
				SDKROOT = iphoneos;
				SWIFT_ACTIVE_COMPILATION_CONDITIONS = DEBUG;
				SWIFT_OPTIMIZATION_LEVEL = "-Onone";
				TARGETED_DEVICE_FAMILY = "1,2";
			};
			name = Debug;
		};
		4774CFF71FACF53E007C8747 /* Release */ = {
			isa = XCBuildConfiguration;
			buildSettings = {
				ALWAYS_SEARCH_USER_PATHS = NO;
				CLANG_ANALYZER_NONNULL = YES;
				CLANG_ANALYZER_NUMBER_OBJECT_CONVERSION = YES_AGGRESSIVE;
				CLANG_CXX_LANGUAGE_STANDARD = "gnu++0x";
				CLANG_CXX_LIBRARY = "libc++";
				CLANG_ENABLE_MODULES = YES;
				CLANG_ENABLE_OBJC_ARC = YES;
				CLANG_WARN_BLOCK_CAPTURE_AUTORELEASING = YES;
				CLANG_WARN_BOOL_CONVERSION = YES;
				CLANG_WARN_COMMA = YES;
				CLANG_WARN_CONSTANT_CONVERSION = YES;
				CLANG_WARN_DIRECT_OBJC_ISA_USAGE = YES_ERROR;
				CLANG_WARN_DOCUMENTATION_COMMENTS = YES;
				CLANG_WARN_EMPTY_BODY = YES;
				CLANG_WARN_ENUM_CONVERSION = YES;
				CLANG_WARN_INFINITE_RECURSION = YES;
				CLANG_WARN_INT_CONVERSION = YES;
				CLANG_WARN_NON_LITERAL_NULL_CONVERSION = YES;
				CLANG_WARN_OBJC_LITERAL_CONVERSION = YES;
				CLANG_WARN_OBJC_ROOT_CLASS = YES_ERROR;
				CLANG_WARN_RANGE_LOOP_ANALYSIS = YES;
				CLANG_WARN_STRICT_PROTOTYPES = YES;
				CLANG_WARN_SUSPICIOUS_MOVE = YES;
				CLANG_WARN_UNREACHABLE_CODE = YES;
				CLANG_WARN__DUPLICATE_METHOD_MATCH = YES;
				"CODE_SIGN_IDENTITY[sdk=iphoneos*]" = "iPhone Developer";
				COPY_PHASE_STRIP = NO;
				DEBUG_INFORMATION_FORMAT = "dwarf-with-dsym";
				ENABLE_NS_ASSERTIONS = NO;
				ENABLE_STRICT_OBJC_MSGSEND = YES;
				GCC_C_LANGUAGE_STANDARD = gnu99;
				GCC_NO_COMMON_BLOCKS = YES;
				GCC_WARN_64_TO_32_BIT_CONVERSION = YES;
				GCC_WARN_ABOUT_RETURN_TYPE = YES_ERROR;
				GCC_WARN_UNDECLARED_SELECTOR = YES;
				GCC_WARN_UNINITIALIZED_AUTOS = YES_AGGRESSIVE;
				GCC_WARN_UNUSED_FUNCTION = YES;
				GCC_WARN_UNUSED_VARIABLE = YES;
				IPHONEOS_DEPLOYMENT_TARGET = 10.3;
				MTL_ENABLE_DEBUG_INFO = NO;
				SDKROOT = iphoneos;
				SWIFT_OPTIMIZATION_LEVEL = "-Owholemodule";
				TARGETED_DEVICE_FAMILY = "1,2";
				VALIDATE_PRODUCT = YES;
			};
			name = Release;
		};
		4774CFF91FACF53E007C8747 /* Debug */ = {
			isa = XCBuildConfiguration;
			buildSettings = {
				ASSETCATALOG_COMPILER_APPICON_NAME = AppIcon;
				INFOPLIST_FILE = Pokedex/Info.plist;
				LD_RUNPATH_SEARCH_PATHS = "$(inherited) @executable_path/Frameworks";
				PRODUCT_BUNDLE_IDENTIFIER = iweb.Pokedex;
				PRODUCT_NAME = "$(TARGET_NAME)";
				SWIFT_SWIFT3_OBJC_INFERENCE = On;
				SWIFT_VERSION = 4.0;
			};
			name = Debug;
		};
		4774CFFA1FACF53E007C8747 /* Release */ = {
			isa = XCBuildConfiguration;
			buildSettings = {
				ASSETCATALOG_COMPILER_APPICON_NAME = AppIcon;
				INFOPLIST_FILE = Pokedex/Info.plist;
				LD_RUNPATH_SEARCH_PATHS = "$(inherited) @executable_path/Frameworks";
				PRODUCT_BUNDLE_IDENTIFIER = iweb.Pokedex;
				PRODUCT_NAME = "$(TARGET_NAME)";
				SWIFT_SWIFT3_OBJC_INFERENCE = On;
				SWIFT_VERSION = 4.0;
			};
			name = Release;
		};
/* End XCBuildConfiguration section */

/* Begin XCConfigurationList section */
		4774CFE11FACF53D007C8747 /* Build configuration list for PBXProject "Pokedex" */ = {
			isa = XCConfigurationList;
			buildConfigurations = (
				4774CFF61FACF53E007C8747 /* Debug */,
				4774CFF71FACF53E007C8747 /* Release */,
			);
			defaultConfigurationIsVisible = 0;
			defaultConfigurationName = Release;
		};
		4774CFF81FACF53E007C8747 /* Build configuration list for PBXNativeTarget "Pokedex" */ = {
			isa = XCConfigurationList;
			buildConfigurations = (
				4774CFF91FACF53E007C8747 /* Debug */,
				4774CFFA1FACF53E007C8747 /* Release */,
			);
			defaultConfigurationIsVisible = 0;
			defaultConfigurationName = Release;
		};
/* End XCConfigurationList section */
	};
	rootObject = 4774CFDE1FACF53D007C8747 /* Project object */;
}
